# THIS IS AN AUTOGENERATED FILE. DO NOT EDIT THIS FILE DIRECTLY.
# yarn lockfile v1


"@angular/animations@^17.0.0", "@angular/animations@17.2.3":
  version "17.2.3"
  resolved "https://registry.npmjs.org/@angular/animations/-/animations-17.2.3.tgz"
  integrity sha512-eQcN6hC/dXISEYC/TjRuQJgfdZieBROBlXrS+BxRbsy9T4/QeKxChC3yiNxTmdxl5mvjLKvQTXHR8X0AWc07/Q==
  dependencies:
    tslib "^2.3.0"

"@angular/common@^17.0.0", "@angular/common@17.2.3":
  version "17.2.3"
  resolved "https://registry.npmjs.org/@angular/common/-/common-17.2.3.tgz"
  integrity sha512-XR3rWS4W7/+RknyJMUUo9E81mSeyUznpclqTZ+Hy7+i4Naeso0qcRaIyr6JJmB5UGvlnfT1MlH9Fj78Dc80NEw==
  dependencies:
    tslib "^2.3.0"

"@angular/core@^17.0.0", "@angular/core@17.2.3":
  version "17.2.3"
  resolved "https://registry.npmjs.org/@angular/core/-/core-17.2.3.tgz"
  integrity sha512-DU+RdUB4E4I489R2P2hOrgkCDJNXlVaTzYixpgeDnuldCIYM0MatEzjor9DYNL3EDCayHF+M4HlVOcn6T/IVPQ==
  dependencies:
    tslib "^2.3.0"

"@angular/forms@^17.0.0":
  version "17.2.3"
  resolved "https://registry.npmjs.org/@angular/forms/-/forms-17.2.3.tgz"
  integrity sha512-v+/6pimht808F5XpmVTNV4/109s+A7m3nadQP97qvIDsrtwrPPZR7cST+DRioG2C41VwtjXM0HVbIon/3ydo6A==
  dependencies:
    tslib "^2.3.0"

"@angular/platform-browser@17.2.3":
  version "17.2.3"
  resolved "https://registry.npmjs.org/@angular/platform-browser/-/platform-browser-17.2.3.tgz"
  integrity sha512-bFi+H8avyCjwSBy+zpOKmqx852MRH8fkuZa4XgwKCPJRay8BfSCjHdtIo3eokUNPMu9JsyXM7HYKIfzLu5y6LA==
  dependencies:
    tslib "^2.3.0"

ngx-bootstrap@^12.0.0:
  version "12.0.0"
  resolved "https://registry.npmjs.org/ngx-bootstrap/-/ngx-bootstrap-12.0.0.tgz"
  integrity sha512-6/Hs+FT6peMc+Y2uiOm3IawG06Jh3gLQwwKRBF0U1OMlRbpx4KIyHS9GpZtMevtZaBsCRNfHKiSxwsnvn9wx0Q==
  dependencies:
    tslib "^2.3.0"

"rxjs@^6.5.3 || ^7.4.0":
  version "7.8.1"
  resolved "https://registry.npmjs.org/rxjs/-/rxjs-7.8.1.tgz"
  integrity sha512-AA3TVj+0A2iuIoQkWEK/tqFjBq2j+6PO6Y0zJcvzLAFhEFIO3HL0vls9hWLncZbAAbK0mar7oZ4V079I/qPMxg==
  dependencies:
    tslib "^2.1.0"

tslib@^2.1.0, tslib@^2.3.0:
  version "2.6.2"
  resolved "https://registry.npmjs.org/tslib/-/tslib-2.6.2.tgz"
  integrity sha512-AEYxH93jGFPn/a2iVAwW87VuUIkR1FVUKB77NwMF7nBTDkDrrT/Hpt/IrCJ0QXhW27jTBDcf5ZY7w6RiqTMw2Q==

zone.js@~0.14.0:
  version "0.14.4"
  resolved "https://registry.npmjs.org/zone.js/-/zone.js-0.14.4.tgz"
  integrity sha512-NtTUvIlNELez7Q1DzKVIFZBzNb646boQMgpATo9z3Ftuu/gWvzxCW7jdjcUDoRGxRikrhVHB/zLXh1hxeJawvw==
  dependencies:
    tslib "^2.3.0"
